
Microsoft Visual Studio Solution File, Format Version 12.00
# Visual Studio Version 16
VisualStudioVersion = 16.0.30002.166
MinimumVisualStudioVersion = 10.0.40219.1
Project("{FAE04EC0-301F-11D3-BF4B-00C04F79EFBC}") = "SystemProgramming", "SystemProgramming\SystemProgramming.csproj", "{4498FD4B-C359-499E-80F7-2D3BA0B4A40A}"
EndProject
Project("{FAE04EC0-301F-11D3-BF4B-00C04F79EFBC}") = "UnitTestProject.Test", "UnitTestProject.Test\UnitTestProject.Test.csproj", "{F71308F2-765E-4EBF-A01A-6AF48E6A7081}"
EndProject
Global
	GlobalSection(SolutionConfigurationPlatforms) = preSolution
		Debug|Any CPU = Debug|Any CPU
		Release|Any CPU = Release|Any CPU
	EndGlobalSection
	GlobalSection(ProjectConfigurationPlatforms) = postSolution
		{4498FD4B-C359-499E-80F7-2D3BA0B4A40A}.Debug|Any CPU.ActiveCfg = Debug|Any CPU
		{4498FD4B-C359-499E-80F7-2D3BA0B4A40A}.Debug|Any CPU.Build.0 = Debug|Any CPU
		{4498FD4B-C359-499E-80F7-2D3BA0B4A40A}.Release|Any CPU.ActiveCfg = Release|Any CPU
		{4498FD4B-C359-499E-80F7-2D3BA0B4A40A}.Release|Any CPU.Build.0 = Release|Any CPU
		{F71308F2-765E-4EBF-A01A-6AF48E6A7081}.Debug|Any CPU.ActiveCfg = Debug|Any CPU
		{F71308F2-765E-4EBF-A01A-6AF48E6A7081}.Debug|Any CPU.Build.0 = Debug|Any CPU
		{F71308F2-765E-4EBF-A01A-6AF48E6A7081}.Release|Any CPU.ActiveCfg = Release|Any CPU
		{F71308F2-765E-4EBF-A01A-6AF48E6A7081}.Release|Any CPU.Build.0 = Release|Any CPU
	EndGlobalSection
	GlobalSection(SolutionProperties) = preSolution
		HideSolutionNode = FALSE
	EndGlobalSection
	GlobalSection(ExtensibilityGlobals) = postSolution
		SolutionGuid = {51831279-825A-42DF-93A7-7B6DE985AB91}
	EndGlobalSection
EndGlobal
